
Microsoft Visual Studio Solution File, Format Version 12.00
# Visual Studio Version 16
VisualStudioVersion = 16.0.30503.244
MinimumVisualStudioVersion = 10.0.40219.1
Project("{FAE04EC0-301F-11D3-BF4B-00C04F79EFBC}") = "MessageService", "MessageService.csproj", "{5315CBF3-F35E-4965-BB25-6A9C553DD35C}"
EndProject
Global
	GlobalSection(SolutionConfigurationPlatforms) = preSolution
		Debug|Any CPU = Debug|Any CPU
		Release|Any CPU = Release|Any CPU
	EndGlobalSection
	GlobalSection(ProjectConfigurationPlatforms) = postSolution
		{5315CBF3-F35E-4965-BB25-6A9C553DD35C}.Debug|Any CPU.ActiveCfg = Debug|Any CPU
		{5315CBF3-F35E-4965-BB25-6A9C553DD35C}.Debug|Any CPU.Build.0 = Debug|Any CPU
		{5315CBF3-F35E-4965-BB25-6A9C553DD35C}.Release|Any CPU.ActiveCfg = Release|Any CPU
		{5315CBF3-F35E-4965-BB25-6A9C553DD35C}.Release|Any CPU.Build.0 = Release|Any CPU
	EndGlobalSection
	GlobalSection(SolutionProperties) = preSolution
		HideSolutionNode = FALSE
	EndGlobalSection
	GlobalSection(ExtensibilityGlobals) = postSolution
		SolutionGuid = {7720C367-49D1-40A8-B55C-AF6B230D5967}
	EndGlobalSection
EndGlobal
